
Microsoft Visual Studio Solution File, Format Version 12.00
Project("{FAE04EC0-301F-11D3-BF4B-00C04F79EFBC}") = "APBD_cw5", "APBD_cw5\APBD_cw5.csproj", "{66584CED-701F-465B-B4E3-F81CD11F6384}"
EndProject
Project("{FAE04EC0-301F-11D3-BF4B-00C04F79EFBC}") = "Api", "Api\Api.csproj", "{F125A9F8-0F3A-40B7-8DCB-3C58B69BE9C2}"
EndProject
Global
	GlobalSection(SolutionConfigurationPlatforms) = preSolution
		Debug|Any CPU = Debug|Any CPU
		Release|Any CPU = Release|Any CPU
	EndGlobalSection
	GlobalSection(ProjectConfigurationPlatforms) = postSolution
		{66584CED-701F-465B-B4E3-F81CD11F6384}.Debug|Any CPU.ActiveCfg = Debug|Any CPU
		{66584CED-701F-465B-B4E3-F81CD11F6384}.Debug|Any CPU.Build.0 = Debug|Any CPU
		{66584CED-701F-465B-B4E3-F81CD11F6384}.Release|Any CPU.ActiveCfg = Release|Any CPU
		{66584CED-701F-465B-B4E3-F81CD11F6384}.Release|Any CPU.Build.0 = Release|Any CPU
		{F125A9F8-0F3A-40B7-8DCB-3C58B69BE9C2}.Debug|Any CPU.ActiveCfg = Debug|Any CPU
		{F125A9F8-0F3A-40B7-8DCB-3C58B69BE9C2}.Debug|Any CPU.Build.0 = Debug|Any CPU
		{F125A9F8-0F3A-40B7-8DCB-3C58B69BE9C2}.Release|Any CPU.ActiveCfg = Release|Any CPU
		{F125A9F8-0F3A-40B7-8DCB-3C58B69BE9C2}.Release|Any CPU.Build.0 = Release|Any CPU
	EndGlobalSection
EndGlobal
