
Microsoft Visual Studio Solution File, Format Version 12.00
Project("{FAE04EC0-301F-11D3-BF4B-00C04F79EFBC}") = "APBD_cw5", "APBD_cw5\APBD_cw5.csproj", "{66584CED-701F-465B-B4E3-F81CD11F6384}"
EndProject
Project("{FAE04EC0-301F-11D3-BF4B-00C04F79EFBC}") = "Api", "Api\Api.csproj", "{F125A9F8-0F3A-40B7-8DCB-3C58B69BE9C2}"
EndProject
Project("{FAE04EC0-301F-11D3-BF4B-00C04F79EFBC}") = "APBD_cw3", "APBD_cw3\APBD_cw3.csproj", "{28C30A82-4A3E-4E0C-9412-3850860AA23A}"
EndProject
Project("{FAE04EC0-301F-11D3-BF4B-00C04F79EFBC}") = "LegacyApp", "APBD_cw4\LegacyApp\LegacyApp.csproj", "{160E259D-8FC6-4DB1-B3F2-EA4EBABBCF07}"
EndProject
Project("{FAE04EC0-301F-11D3-BF4B-00C04F79EFBC}") = "LegacyApp.Tests", "APBD_cw4\LegacyApp.Tests\LegacyApp.Tests.csproj", "{AA37F971-AAD1-4F41-BFB3-9CEBB4027A0D}"
EndProject
Project("{FAE04EC0-301F-11D3-BF4B-00C04F79EFBC}") = "LegacyAppConsumer", "APBD_cw4\LegacyAppConsumer\LegacyAppConsumer.csproj", "{EFB10BCF-4C85-40B6-9279-081B875378E8}"
EndProject
Project("{2150E333-8FDC-42A3-9474-1A3956D46DE8}") = "APBD_cw4", "APBD_cw4", "{D4AA408E-C8C7-4540-B208-5F00594DCEFB}"
EndProject
Project("{FAE04EC0-301F-11D3-BF4B-00C04F79EFBC}") = "APBD_cw6", "APBD_cw6\APBD_cw6.csproj", "{24993C77-8A8C-4D7F-9B88-175D1C6D4553}"
EndProject
Project("{FAE04EC0-301F-11D3-BF4B-00C04F79EFBC}") = "ProbnyKolos", "ProbnyKolos\ProbnyKolos.csproj", "{83DC873E-E0BA-4169-B4A4-E99DA333B22B}"
EndProject
Global
	GlobalSection(SolutionConfigurationPlatforms) = preSolution
		Debug|Any CPU = Debug|Any CPU
		Release|Any CPU = Release|Any CPU
	EndGlobalSection
	GlobalSection(ProjectConfigurationPlatforms) = postSolution
		{66584CED-701F-465B-B4E3-F81CD11F6384}.Debug|Any CPU.ActiveCfg = Debug|Any CPU
		{66584CED-701F-465B-B4E3-F81CD11F6384}.Debug|Any CPU.Build.0 = Debug|Any CPU
		{66584CED-701F-465B-B4E3-F81CD11F6384}.Release|Any CPU.ActiveCfg = Release|Any CPU
		{66584CED-701F-465B-B4E3-F81CD11F6384}.Release|Any CPU.Build.0 = Release|Any CPU
		{F125A9F8-0F3A-40B7-8DCB-3C58B69BE9C2}.Debug|Any CPU.ActiveCfg = Debug|Any CPU
		{F125A9F8-0F3A-40B7-8DCB-3C58B69BE9C2}.Debug|Any CPU.Build.0 = Debug|Any CPU
		{F125A9F8-0F3A-40B7-8DCB-3C58B69BE9C2}.Release|Any CPU.ActiveCfg = Release|Any CPU
		{F125A9F8-0F3A-40B7-8DCB-3C58B69BE9C2}.Release|Any CPU.Build.0 = Release|Any CPU
		{28C30A82-4A3E-4E0C-9412-3850860AA23A}.Debug|Any CPU.ActiveCfg = Debug|Any CPU
		{28C30A82-4A3E-4E0C-9412-3850860AA23A}.Debug|Any CPU.Build.0 = Debug|Any CPU
		{28C30A82-4A3E-4E0C-9412-3850860AA23A}.Release|Any CPU.ActiveCfg = Release|Any CPU
		{28C30A82-4A3E-4E0C-9412-3850860AA23A}.Release|Any CPU.Build.0 = Release|Any CPU
		{160E259D-8FC6-4DB1-B3F2-EA4EBABBCF07}.Debug|Any CPU.ActiveCfg = Debug|Any CPU
		{160E259D-8FC6-4DB1-B3F2-EA4EBABBCF07}.Debug|Any CPU.Build.0 = Debug|Any CPU
		{160E259D-8FC6-4DB1-B3F2-EA4EBABBCF07}.Release|Any CPU.ActiveCfg = Release|Any CPU
		{160E259D-8FC6-4DB1-B3F2-EA4EBABBCF07}.Release|Any CPU.Build.0 = Release|Any CPU
		{AA37F971-AAD1-4F41-BFB3-9CEBB4027A0D}.Debug|Any CPU.ActiveCfg = Debug|Any CPU
		{AA37F971-AAD1-4F41-BFB3-9CEBB4027A0D}.Debug|Any CPU.Build.0 = Debug|Any CPU
		{AA37F971-AAD1-4F41-BFB3-9CEBB4027A0D}.Release|Any CPU.ActiveCfg = Release|Any CPU
		{AA37F971-AAD1-4F41-BFB3-9CEBB4027A0D}.Release|Any CPU.Build.0 = Release|Any CPU
		{EFB10BCF-4C85-40B6-9279-081B875378E8}.Debug|Any CPU.ActiveCfg = Debug|Any CPU
		{EFB10BCF-4C85-40B6-9279-081B875378E8}.Debug|Any CPU.Build.0 = Debug|Any CPU
		{EFB10BCF-4C85-40B6-9279-081B875378E8}.Release|Any CPU.ActiveCfg = Release|Any CPU
		{EFB10BCF-4C85-40B6-9279-081B875378E8}.Release|Any CPU.Build.0 = Release|Any CPU
		{24993C77-8A8C-4D7F-9B88-175D1C6D4553}.Debug|Any CPU.ActiveCfg = Debug|Any CPU
		{24993C77-8A8C-4D7F-9B88-175D1C6D4553}.Debug|Any CPU.Build.0 = Debug|Any CPU
		{24993C77-8A8C-4D7F-9B88-175D1C6D4553}.Release|Any CPU.ActiveCfg = Release|Any CPU
		{24993C77-8A8C-4D7F-9B88-175D1C6D4553}.Release|Any CPU.Build.0 = Release|Any CPU
		{83DC873E-E0BA-4169-B4A4-E99DA333B22B}.Debug|Any CPU.ActiveCfg = Debug|Any CPU
		{83DC873E-E0BA-4169-B4A4-E99DA333B22B}.Debug|Any CPU.Build.0 = Debug|Any CPU
		{83DC873E-E0BA-4169-B4A4-E99DA333B22B}.Release|Any CPU.ActiveCfg = Release|Any CPU
		{83DC873E-E0BA-4169-B4A4-E99DA333B22B}.Release|Any CPU.Build.0 = Release|Any CPU
	EndGlobalSection
	GlobalSection(NestedProjects) = preSolution
		{160E259D-8FC6-4DB1-B3F2-EA4EBABBCF07} = {D4AA408E-C8C7-4540-B208-5F00594DCEFB}
		{AA37F971-AAD1-4F41-BFB3-9CEBB4027A0D} = {D4AA408E-C8C7-4540-B208-5F00594DCEFB}
		{EFB10BCF-4C85-40B6-9279-081B875378E8} = {D4AA408E-C8C7-4540-B208-5F00594DCEFB}
	EndGlobalSection
EndGlobal
